
Microsoft Visual Studio Solution File, Format Version 12.00
# Visual Studio Version 16
VisualStudioVersion = 16.0.32802.440
MinimumVisualStudioVersion = 10.0.40219.1
Project("{9A19103F-16F7-4668-BE54-9A1E7A4F7556}") = "Ejercicio01", "Ejercicios_2022\Ejercicio01.csproj", "{896803B1-EBF7-4028-A316-641C0F1563E1}"
EndProject
Project("{2150E333-8FDC-42A3-9474-1A3956D46DE8}") = "Clase01", "Clase01", "{DFD45B83-0015-4D78-93A8-9F7593296CCC}"
EndProject
Project("{9A19103F-16F7-4668-BE54-9A1E7A4F7556}") = "Ejercicio02", "Ejercicio02\Ejercicio02.csproj", "{01A34699-0527-4BE6-A8FD-6E6F6D24EE41}"
EndProject
Project("{9A19103F-16F7-4668-BE54-9A1E7A4F7556}") = "Ejercicio03", "Ejercicio03\Ejercicio03.csproj", "{2DF50B98-BD8D-4D67-845A-A324644463B9}"
EndProject
Project("{9A19103F-16F7-4668-BE54-9A1E7A4F7556}") = "Ejercicio04", "Ejercicio04\Ejercicio04.csproj", "{0E8FDAA4-A9E2-4BD8-BDA4-C7602C10FAD3}"
EndProject
Project("{9A19103F-16F7-4668-BE54-9A1E7A4F7556}") = "Ejercicio05", "Ejercicio05\Ejercicio05.csproj", "{9838F247-411F-4C47-9F29-C55D8737571B}"
EndProject
Project("{9A19103F-16F7-4668-BE54-9A1E7A4F7556}") = "Ejercicio06", "Ejercicio06\Ejercicio06.csproj", "{B046D235-D879-4A0A-8B7F-24C45099BC98}"
EndProject
Project("{9A19103F-16F7-4668-BE54-9A1E7A4F7556}") = "Ejercicio08", "Ejercicio08\Ejercicio08.csproj", "{5805FFA4-1832-45F7-966D-EC67BE21D0B4}"
EndProject
Project("{9A19103F-16F7-4668-BE54-9A1E7A4F7556}") = "Ejercicio09", "Ejercicio09\Ejercicio09.csproj", "{BC9C9EC8-6F23-435A-A3C2-AF85B3EF9396}"
EndProject
Project("{9A19103F-16F7-4668-BE54-9A1E7A4F7556}") = "Ejercicio07", "Ejercicio07\Ejercicio07.csproj", "{00FA6EAE-69C2-457A-8B50-45D53AB8E644}"
EndProject
Project("{2150E333-8FDC-42A3-9474-1A3956D46DE8}") = "MetodosEstaticos", "MetodosEstaticos", "{8A4E6DF2-08E3-448C-8DB0-CB9D4A37194A}"
EndProject
Project("{9A19103F-16F7-4668-BE54-9A1E7A4F7556}") = "EjercMetodosEstaticos01", "EjercMetodosEstaticos01\EjercMetodosEstaticos01.csproj", "{CC6DCE3E-E478-4AF0-AE7E-6FF61B92500B}"
EndProject
Project("{9A19103F-16F7-4668-BE54-9A1E7A4F7556}") = "EjercMetodosEstaticos02", "EjercMetodosEstaticos02\EjercMetodosEstaticos02.csproj", "{0B989A86-8DA8-4DE6-9588-C30E83F550A1}"
EndProject
Project("{9A19103F-16F7-4668-BE54-9A1E7A4F7556}") = "EjercMetodosEstaticos03", "EjercMetodosEstaticos03\EjercMetodosEstaticos03.csproj", "{2E74C004-F235-4F6E-A377-443EEC9390AC}"
EndProject
Project("{9A19103F-16F7-4668-BE54-9A1E7A4F7556}") = "EjercMetodosEstaticos04", "EjercMetodosEstaticos04\EjercMetodosEstaticos04.csproj", "{1653F07A-D0AF-47A4-8888-1E4C335C8031}"
EndProject
Project("{9A19103F-16F7-4668-BE54-9A1E7A4F7556}") = "EjercMetodosEstaticos05", "EjercMetodosEstaticos05\EjercMetodosEstaticos05.csproj", "{5E31DB54-B3D0-4307-92E3-567814F05536}"
EndProject
Project("{2150E333-8FDC-42A3-9474-1A3956D46DE8}") = "OrientadoAObjetos", "OrientadoAObjetos", "{A8F4D2D9-B323-4F27-8E6A-3776C3A1085D}"
EndProject
Project("{9A19103F-16F7-4668-BE54-9A1E7A4F7556}") = "OrientadoObj01", "OrientadoObj01\OrientadoObj01.csproj", "{30E541E5-3D87-407A-B0B7-AEC1D17806CE}"
EndProject
Project("{9A19103F-16F7-4668-BE54-9A1E7A4F7556}") = "BibliotecaDeClases", "BibliotecaDeClases\BibliotecaDeClases.csproj", "{6E3665BF-A348-44E5-BF39-65624455A5A2}"
EndProject
Project("{9A19103F-16F7-4668-BE54-9A1E7A4F7556}") = "OrientadoObj02", "OrientadoObj02\OrientadoObj02.csproj", "{787AA92E-7B1D-4B15-A0AC-0B01BC7568DE}"
EndProject
Project("{9A19103F-16F7-4668-BE54-9A1E7A4F7556}") = "BibliotecaOrientadoObj02", "BibliotecaOrientadoObj02\BibliotecaOrientadoObj02.csproj", "{97FAB0C9-A085-4B43-BE22-AE4BFF66BDD8}"
EndProject
Project("{FAE04EC0-301F-11D3-BF4B-00C04F79EFBC}") = "OrientadoObj03", "OrientadoObj03\OrientadoObj03.csproj", "{A7DC5051-20BF-47E0-A5D8-7BA0E73FB630}"
EndProject
Global
	GlobalSection(SolutionConfigurationPlatforms) = preSolution
		Debug|Any CPU = Debug|Any CPU
		Release|Any CPU = Release|Any CPU
	EndGlobalSection
	GlobalSection(ProjectConfigurationPlatforms) = postSolution
		{896803B1-EBF7-4028-A316-641C0F1563E1}.Debug|Any CPU.ActiveCfg = Debug|Any CPU
		{896803B1-EBF7-4028-A316-641C0F1563E1}.Debug|Any CPU.Build.0 = Debug|Any CPU
		{896803B1-EBF7-4028-A316-641C0F1563E1}.Release|Any CPU.ActiveCfg = Release|Any CPU
		{896803B1-EBF7-4028-A316-641C0F1563E1}.Release|Any CPU.Build.0 = Release|Any CPU
		{01A34699-0527-4BE6-A8FD-6E6F6D24EE41}.Debug|Any CPU.ActiveCfg = Debug|Any CPU
		{01A34699-0527-4BE6-A8FD-6E6F6D24EE41}.Debug|Any CPU.Build.0 = Debug|Any CPU
		{01A34699-0527-4BE6-A8FD-6E6F6D24EE41}.Release|Any CPU.ActiveCfg = Release|Any CPU
		{01A34699-0527-4BE6-A8FD-6E6F6D24EE41}.Release|Any CPU.Build.0 = Release|Any CPU
		{2DF50B98-BD8D-4D67-845A-A324644463B9}.Debug|Any CPU.ActiveCfg = Debug|Any CPU
		{2DF50B98-BD8D-4D67-845A-A324644463B9}.Debug|Any CPU.Build.0 = Debug|Any CPU
		{2DF50B98-BD8D-4D67-845A-A324644463B9}.Release|Any CPU.ActiveCfg = Release|Any CPU
		{2DF50B98-BD8D-4D67-845A-A324644463B9}.Release|Any CPU.Build.0 = Release|Any CPU
		{0E8FDAA4-A9E2-4BD8-BDA4-C7602C10FAD3}.Debug|Any CPU.ActiveCfg = Debug|Any CPU
		{0E8FDAA4-A9E2-4BD8-BDA4-C7602C10FAD3}.Debug|Any CPU.Build.0 = Debug|Any CPU
		{0E8FDAA4-A9E2-4BD8-BDA4-C7602C10FAD3}.Release|Any CPU.ActiveCfg = Release|Any CPU
		{0E8FDAA4-A9E2-4BD8-BDA4-C7602C10FAD3}.Release|Any CPU.Build.0 = Release|Any CPU
		{9838F247-411F-4C47-9F29-C55D8737571B}.Debug|Any CPU.ActiveCfg = Debug|Any CPU
		{9838F247-411F-4C47-9F29-C55D8737571B}.Debug|Any CPU.Build.0 = Debug|Any CPU
		{9838F247-411F-4C47-9F29-C55D8737571B}.Release|Any CPU.ActiveCfg = Release|Any CPU
		{9838F247-411F-4C47-9F29-C55D8737571B}.Release|Any CPU.Build.0 = Release|Any CPU
		{B046D235-D879-4A0A-8B7F-24C45099BC98}.Debug|Any CPU.ActiveCfg = Debug|Any CPU
		{B046D235-D879-4A0A-8B7F-24C45099BC98}.Debug|Any CPU.Build.0 = Debug|Any CPU
		{B046D235-D879-4A0A-8B7F-24C45099BC98}.Release|Any CPU.ActiveCfg = Release|Any CPU
		{B046D235-D879-4A0A-8B7F-24C45099BC98}.Release|Any CPU.Build.0 = Release|Any CPU
		{5805FFA4-1832-45F7-966D-EC67BE21D0B4}.Debug|Any CPU.ActiveCfg = Debug|Any CPU
		{5805FFA4-1832-45F7-966D-EC67BE21D0B4}.Debug|Any CPU.Build.0 = Debug|Any CPU
		{5805FFA4-1832-45F7-966D-EC67BE21D0B4}.Release|Any CPU.ActiveCfg = Release|Any CPU
		{5805FFA4-1832-45F7-966D-EC67BE21D0B4}.Release|Any CPU.Build.0 = Release|Any CPU
		{BC9C9EC8-6F23-435A-A3C2-AF85B3EF9396}.Debug|Any CPU.ActiveCfg = Debug|Any CPU
		{BC9C9EC8-6F23-435A-A3C2-AF85B3EF9396}.Debug|Any CPU.Build.0 = Debug|Any CPU
		{BC9C9EC8-6F23-435A-A3C2-AF85B3EF9396}.Release|Any CPU.ActiveCfg = Release|Any CPU
		{BC9C9EC8-6F23-435A-A3C2-AF85B3EF9396}.Release|Any CPU.Build.0 = Release|Any CPU
		{00FA6EAE-69C2-457A-8B50-45D53AB8E644}.Debug|Any CPU.ActiveCfg = Debug|Any CPU
		{00FA6EAE-69C2-457A-8B50-45D53AB8E644}.Debug|Any CPU.Build.0 = Debug|Any CPU
		{00FA6EAE-69C2-457A-8B50-45D53AB8E644}.Release|Any CPU.ActiveCfg = Release|Any CPU
		{00FA6EAE-69C2-457A-8B50-45D53AB8E644}.Release|Any CPU.Build.0 = Release|Any CPU
		{CC6DCE3E-E478-4AF0-AE7E-6FF61B92500B}.Debug|Any CPU.ActiveCfg = Debug|Any CPU
		{CC6DCE3E-E478-4AF0-AE7E-6FF61B92500B}.Debug|Any CPU.Build.0 = Debug|Any CPU
		{CC6DCE3E-E478-4AF0-AE7E-6FF61B92500B}.Release|Any CPU.ActiveCfg = Release|Any CPU
		{CC6DCE3E-E478-4AF0-AE7E-6FF61B92500B}.Release|Any CPU.Build.0 = Release|Any CPU
		{0B989A86-8DA8-4DE6-9588-C30E83F550A1}.Debug|Any CPU.ActiveCfg = Debug|Any CPU
		{0B989A86-8DA8-4DE6-9588-C30E83F550A1}.Debug|Any CPU.Build.0 = Debug|Any CPU
		{0B989A86-8DA8-4DE6-9588-C30E83F550A1}.Release|Any CPU.ActiveCfg = Release|Any CPU
		{0B989A86-8DA8-4DE6-9588-C30E83F550A1}.Release|Any CPU.Build.0 = Release|Any CPU
		{2E74C004-F235-4F6E-A377-443EEC9390AC}.Debug|Any CPU.ActiveCfg = Debug|Any CPU
		{2E74C004-F235-4F6E-A377-443EEC9390AC}.Debug|Any CPU.Build.0 = Debug|Any CPU
		{2E74C004-F235-4F6E-A377-443EEC9390AC}.Release|Any CPU.ActiveCfg = Release|Any CPU
		{2E74C004-F235-4F6E-A377-443EEC9390AC}.Release|Any CPU.Build.0 = Release|Any CPU
		{1653F07A-D0AF-47A4-8888-1E4C335C8031}.Debug|Any CPU.ActiveCfg = Debug|Any CPU
		{1653F07A-D0AF-47A4-8888-1E4C335C8031}.Debug|Any CPU.Build.0 = Debug|Any CPU
		{1653F07A-D0AF-47A4-8888-1E4C335C8031}.Release|Any CPU.ActiveCfg = Release|Any CPU
		{1653F07A-D0AF-47A4-8888-1E4C335C8031}.Release|Any CPU.Build.0 = Release|Any CPU
		{5E31DB54-B3D0-4307-92E3-567814F05536}.Debug|Any CPU.ActiveCfg = Debug|Any CPU
		{5E31DB54-B3D0-4307-92E3-567814F05536}.Debug|Any CPU.Build.0 = Debug|Any CPU
		{5E31DB54-B3D0-4307-92E3-567814F05536}.Release|Any CPU.ActiveCfg = Release|Any CPU
		{5E31DB54-B3D0-4307-92E3-567814F05536}.Release|Any CPU.Build.0 = Release|Any CPU
		{30E541E5-3D87-407A-B0B7-AEC1D17806CE}.Debug|Any CPU.ActiveCfg = Debug|Any CPU
		{30E541E5-3D87-407A-B0B7-AEC1D17806CE}.Debug|Any CPU.Build.0 = Debug|Any CPU
		{30E541E5-3D87-407A-B0B7-AEC1D17806CE}.Release|Any CPU.ActiveCfg = Release|Any CPU
		{30E541E5-3D87-407A-B0B7-AEC1D17806CE}.Release|Any CPU.Build.0 = Release|Any CPU
		{6E3665BF-A348-44E5-BF39-65624455A5A2}.Debug|Any CPU.ActiveCfg = Debug|Any CPU
		{6E3665BF-A348-44E5-BF39-65624455A5A2}.Debug|Any CPU.Build.0 = Debug|Any CPU
		{6E3665BF-A348-44E5-BF39-65624455A5A2}.Release|Any CPU.ActiveCfg = Release|Any CPU
		{6E3665BF-A348-44E5-BF39-65624455A5A2}.Release|Any CPU.Build.0 = Release|Any CPU
		{787AA92E-7B1D-4B15-A0AC-0B01BC7568DE}.Debug|Any CPU.ActiveCfg = Debug|Any CPU
		{787AA92E-7B1D-4B15-A0AC-0B01BC7568DE}.Debug|Any CPU.Build.0 = Debug|Any CPU
		{787AA92E-7B1D-4B15-A0AC-0B01BC7568DE}.Release|Any CPU.ActiveCfg = Release|Any CPU
		{787AA92E-7B1D-4B15-A0AC-0B01BC7568DE}.Release|Any CPU.Build.0 = Release|Any CPU
		{97FAB0C9-A085-4B43-BE22-AE4BFF66BDD8}.Debug|Any CPU.ActiveCfg = Debug|Any CPU
		{97FAB0C9-A085-4B43-BE22-AE4BFF66BDD8}.Debug|Any CPU.Build.0 = Debug|Any CPU
		{97FAB0C9-A085-4B43-BE22-AE4BFF66BDD8}.Release|Any CPU.ActiveCfg = Release|Any CPU
		{97FAB0C9-A085-4B43-BE22-AE4BFF66BDD8}.Release|Any CPU.Build.0 = Release|Any CPU
		{A7DC5051-20BF-47E0-A5D8-7BA0E73FB630}.Debug|Any CPU.ActiveCfg = Debug|Any CPU
		{A7DC5051-20BF-47E0-A5D8-7BA0E73FB630}.Debug|Any CPU.Build.0 = Debug|Any CPU
		{A7DC5051-20BF-47E0-A5D8-7BA0E73FB630}.Release|Any CPU.ActiveCfg = Release|Any CPU
		{A7DC5051-20BF-47E0-A5D8-7BA0E73FB630}.Release|Any CPU.Build.0 = Release|Any CPU
	EndGlobalSection
	GlobalSection(SolutionProperties) = preSolution
		HideSolutionNode = FALSE
	EndGlobalSection
	GlobalSection(NestedProjects) = preSolution
		{896803B1-EBF7-4028-A316-641C0F1563E1} = {DFD45B83-0015-4D78-93A8-9F7593296CCC}
		{01A34699-0527-4BE6-A8FD-6E6F6D24EE41} = {DFD45B83-0015-4D78-93A8-9F7593296CCC}
		{2DF50B98-BD8D-4D67-845A-A324644463B9} = {DFD45B83-0015-4D78-93A8-9F7593296CCC}
		{0E8FDAA4-A9E2-4BD8-BDA4-C7602C10FAD3} = {DFD45B83-0015-4D78-93A8-9F7593296CCC}
		{9838F247-411F-4C47-9F29-C55D8737571B} = {DFD45B83-0015-4D78-93A8-9F7593296CCC}
		{B046D235-D879-4A0A-8B7F-24C45099BC98} = {DFD45B83-0015-4D78-93A8-9F7593296CCC}
		{5805FFA4-1832-45F7-966D-EC67BE21D0B4} = {DFD45B83-0015-4D78-93A8-9F7593296CCC}
		{BC9C9EC8-6F23-435A-A3C2-AF85B3EF9396} = {DFD45B83-0015-4D78-93A8-9F7593296CCC}
		{00FA6EAE-69C2-457A-8B50-45D53AB8E644} = {DFD45B83-0015-4D78-93A8-9F7593296CCC}
		{CC6DCE3E-E478-4AF0-AE7E-6FF61B92500B} = {8A4E6DF2-08E3-448C-8DB0-CB9D4A37194A}
		{0B989A86-8DA8-4DE6-9588-C30E83F550A1} = {8A4E6DF2-08E3-448C-8DB0-CB9D4A37194A}
		{2E74C004-F235-4F6E-A377-443EEC9390AC} = {8A4E6DF2-08E3-448C-8DB0-CB9D4A37194A}
		{1653F07A-D0AF-47A4-8888-1E4C335C8031} = {8A4E6DF2-08E3-448C-8DB0-CB9D4A37194A}
		{5E31DB54-B3D0-4307-92E3-567814F05536} = {8A4E6DF2-08E3-448C-8DB0-CB9D4A37194A}
		{30E541E5-3D87-407A-B0B7-AEC1D17806CE} = {A8F4D2D9-B323-4F27-8E6A-3776C3A1085D}
		{6E3665BF-A348-44E5-BF39-65624455A5A2} = {A8F4D2D9-B323-4F27-8E6A-3776C3A1085D}
		{787AA92E-7B1D-4B15-A0AC-0B01BC7568DE} = {A8F4D2D9-B323-4F27-8E6A-3776C3A1085D}
		{97FAB0C9-A085-4B43-BE22-AE4BFF66BDD8} = {A8F4D2D9-B323-4F27-8E6A-3776C3A1085D}
		{A7DC5051-20BF-47E0-A5D8-7BA0E73FB630} = {A8F4D2D9-B323-4F27-8E6A-3776C3A1085D}
	EndGlobalSection
	GlobalSection(ExtensibilityGlobals) = postSolution
		SolutionGuid = {EFD5F220-AEDE-4919-ABDB-10901463C712}
	EndGlobalSection
EndGlobal
